
Microsoft Visual Studio Solution File, Format Version 12.00
# Visual Studio Version 17
VisualStudioVersion = 17.0.32112.339
MinimumVisualStudioVersion = 10.0.40219.1
Project("{9A19103F-16F7-4668-BE54-9A1E7A4F7556}") = "Billingares.Base", "Billingares.Base\Billingares.Base.csproj", "{4AA7CBA1-6ADF-47DF-8CDF-BA45D5E94E98}"
EndProject
Project("{9A19103F-16F7-4668-BE54-9A1E7A4F7556}") = "Billingares.App", "Billingares.App\Billingares.App.csproj", "{6B0CD4D1-5273-4D04-8304-4200C12D1068}"
EndProject
Project("{9A19103F-16F7-4668-BE54-9A1E7A4F7556}") = "Ujeby.Blazor.Base", "Ujeby.Blazor.Base\Ujeby.Blazor.Base.csproj", "{B720C3D8-4013-427F-80C6-23E23CA4C9DF}"
EndProject
Project("{9A19103F-16F7-4668-BE54-9A1E7A4F7556}") = "Billingares.Api.Client", "Billingares.Api.Client\Billingares.Api.Client.csproj", "{5F96F6DE-D039-490B-ABB7-8E99C7D475CF}"
EndProject
Project("{9A19103F-16F7-4668-BE54-9A1E7A4F7556}") = "Ujeby.Api.Base", "Ujeby.Api.Base\Ujeby.Api.Base.csproj", "{942D3B58-3F57-4669-BBC1-61E7DB531EBC}"
EndProject
Project("{2150E333-8FDC-42A3-9474-1A3956D46DE8}") = "Ujeby", "Ujeby", "{1CEA7F57-929E-4DA8-B872-44C0697B5564}"
EndProject
Project("{9A19103F-16F7-4668-BE54-9A1E7A4F7556}") = "Ujeby.Api.Client.Base", "Ujeby.Api.Client.Base\Ujeby.Api.Client.Base.csproj", "{BAE8BA14-6BE2-4B0C-B55A-052B0BCD1093}"
EndProject
Project("{2150E333-8FDC-42A3-9474-1A3956D46DE8}") = "Deploy", "Deploy", "{FE7C41A7-7B6E-463F-B971-0CFF90AD37AA}"
	ProjectSection(SolutionItems) = preProject
		Deploy\build-and-save-docker.ps1 = Deploy\build-and-save-docker.ps1
	EndProjectSection
EndProject
Project("{9A19103F-16F7-4668-BE54-9A1E7A4F7556}") = "Billingares.Api.gRPC", "Billingares.Api.gRPC\Billingares.Api.gRPC.csproj", "{37FCB7E0-81B4-4BBB-AA8D-A5698EE48F13}"
EndProject
Project("{9A19103F-16F7-4668-BE54-9A1E7A4F7556}") = "Billingares.Backend", "Billingares.Backend\Billingares.Backend.csproj", "{27268601-220D-4879-AB6E-9E8E3AC4CDFB}"
EndProject
Project("{9A19103F-16F7-4668-BE54-9A1E7A4F7556}") = "Billingares.Api", "Billingares.Api\Billingares.Api.csproj", "{1371A94A-E0BF-48F3-81DB-2A8B8DE1F8B2}"
EndProject
Project("{2150E333-8FDC-42A3-9474-1A3956D46DE8}") = "Client", "Client", "{2A3EA043-BDB2-4903-AF52-B027444A75FD}"
EndProject
Project("{2150E333-8FDC-42A3-9474-1A3956D46DE8}") = "Server", "Server", "{9C351003-F98E-4B56-B02D-059DDA2A68FD}"
EndProject
Project("{9A19103F-16F7-4668-BE54-9A1E7A4F7556}") = "Billingares.Api.REST", "Billingares.Api.REST\Billingares.Api.REST.csproj", "{AF4182BA-D2B5-4AE0-A358-42D407BEFB48}"
EndProject
Project("{FAE04EC0-301F-11D3-BF4B-00C04F79EFBC}") = "Test.App", "Test.App\Test.App.csproj", "{BF93C143-6E08-441A-9F85-891A7D99E4D8}"
EndProject
Global
	GlobalSection(SolutionConfigurationPlatforms) = preSolution
		Debug|Any CPU = Debug|Any CPU
		Release|Any CPU = Release|Any CPU
	EndGlobalSection
	GlobalSection(ProjectConfigurationPlatforms) = postSolution
		{4AA7CBA1-6ADF-47DF-8CDF-BA45D5E94E98}.Debug|Any CPU.ActiveCfg = Debug|Any CPU
		{4AA7CBA1-6ADF-47DF-8CDF-BA45D5E94E98}.Debug|Any CPU.Build.0 = Debug|Any CPU
		{4AA7CBA1-6ADF-47DF-8CDF-BA45D5E94E98}.Release|Any CPU.ActiveCfg = Release|Any CPU
		{4AA7CBA1-6ADF-47DF-8CDF-BA45D5E94E98}.Release|Any CPU.Build.0 = Release|Any CPU
		{6B0CD4D1-5273-4D04-8304-4200C12D1068}.Debug|Any CPU.ActiveCfg = Debug|Any CPU
		{6B0CD4D1-5273-4D04-8304-4200C12D1068}.Debug|Any CPU.Build.0 = Debug|Any CPU
		{6B0CD4D1-5273-4D04-8304-4200C12D1068}.Release|Any CPU.ActiveCfg = Release|Any CPU
		{6B0CD4D1-5273-4D04-8304-4200C12D1068}.Release|Any CPU.Build.0 = Release|Any CPU
		{B720C3D8-4013-427F-80C6-23E23CA4C9DF}.Debug|Any CPU.ActiveCfg = Debug|Any CPU
		{B720C3D8-4013-427F-80C6-23E23CA4C9DF}.Debug|Any CPU.Build.0 = Debug|Any CPU
		{B720C3D8-4013-427F-80C6-23E23CA4C9DF}.Release|Any CPU.ActiveCfg = Release|Any CPU
		{B720C3D8-4013-427F-80C6-23E23CA4C9DF}.Release|Any CPU.Build.0 = Release|Any CPU
		{5F96F6DE-D039-490B-ABB7-8E99C7D475CF}.Debug|Any CPU.ActiveCfg = Debug|Any CPU
		{5F96F6DE-D039-490B-ABB7-8E99C7D475CF}.Debug|Any CPU.Build.0 = Debug|Any CPU
		{5F96F6DE-D039-490B-ABB7-8E99C7D475CF}.Release|Any CPU.ActiveCfg = Release|Any CPU
		{5F96F6DE-D039-490B-ABB7-8E99C7D475CF}.Release|Any CPU.Build.0 = Release|Any CPU
		{942D3B58-3F57-4669-BBC1-61E7DB531EBC}.Debug|Any CPU.ActiveCfg = Debug|Any CPU
		{942D3B58-3F57-4669-BBC1-61E7DB531EBC}.Debug|Any CPU.Build.0 = Debug|Any CPU
		{942D3B58-3F57-4669-BBC1-61E7DB531EBC}.Release|Any CPU.ActiveCfg = Release|Any CPU
		{942D3B58-3F57-4669-BBC1-61E7DB531EBC}.Release|Any CPU.Build.0 = Release|Any CPU
		{BAE8BA14-6BE2-4B0C-B55A-052B0BCD1093}.Debug|Any CPU.ActiveCfg = Debug|Any CPU
		{BAE8BA14-6BE2-4B0C-B55A-052B0BCD1093}.Debug|Any CPU.Build.0 = Debug|Any CPU
		{BAE8BA14-6BE2-4B0C-B55A-052B0BCD1093}.Release|Any CPU.ActiveCfg = Release|Any CPU
		{BAE8BA14-6BE2-4B0C-B55A-052B0BCD1093}.Release|Any CPU.Build.0 = Release|Any CPU
		{37FCB7E0-81B4-4BBB-AA8D-A5698EE48F13}.Debug|Any CPU.ActiveCfg = Debug|Any CPU
		{37FCB7E0-81B4-4BBB-AA8D-A5698EE48F13}.Debug|Any CPU.Build.0 = Debug|Any CPU
		{37FCB7E0-81B4-4BBB-AA8D-A5698EE48F13}.Release|Any CPU.ActiveCfg = Release|Any CPU
		{37FCB7E0-81B4-4BBB-AA8D-A5698EE48F13}.Release|Any CPU.Build.0 = Release|Any CPU
		{27268601-220D-4879-AB6E-9E8E3AC4CDFB}.Debug|Any CPU.ActiveCfg = Debug|Any CPU
		{27268601-220D-4879-AB6E-9E8E3AC4CDFB}.Debug|Any CPU.Build.0 = Debug|Any CPU
		{27268601-220D-4879-AB6E-9E8E3AC4CDFB}.Release|Any CPU.ActiveCfg = Release|Any CPU
		{27268601-220D-4879-AB6E-9E8E3AC4CDFB}.Release|Any CPU.Build.0 = Release|Any CPU
		{1371A94A-E0BF-48F3-81DB-2A8B8DE1F8B2}.Debug|Any CPU.ActiveCfg = Debug|Any CPU
		{1371A94A-E0BF-48F3-81DB-2A8B8DE1F8B2}.Debug|Any CPU.Build.0 = Debug|Any CPU
		{1371A94A-E0BF-48F3-81DB-2A8B8DE1F8B2}.Release|Any CPU.ActiveCfg = Release|Any CPU
		{1371A94A-E0BF-48F3-81DB-2A8B8DE1F8B2}.Release|Any CPU.Build.0 = Release|Any CPU
		{AF4182BA-D2B5-4AE0-A358-42D407BEFB48}.Debug|Any CPU.ActiveCfg = Debug|Any CPU
		{AF4182BA-D2B5-4AE0-A358-42D407BEFB48}.Debug|Any CPU.Build.0 = Debug|Any CPU
		{AF4182BA-D2B5-4AE0-A358-42D407BEFB48}.Release|Any CPU.ActiveCfg = Release|Any CPU
		{AF4182BA-D2B5-4AE0-A358-42D407BEFB48}.Release|Any CPU.Build.0 = Release|Any CPU
		{BF93C143-6E08-441A-9F85-891A7D99E4D8}.Debug|Any CPU.ActiveCfg = Debug|Any CPU
		{BF93C143-6E08-441A-9F85-891A7D99E4D8}.Debug|Any CPU.Build.0 = Debug|Any CPU
		{BF93C143-6E08-441A-9F85-891A7D99E4D8}.Release|Any CPU.ActiveCfg = Release|Any CPU
		{BF93C143-6E08-441A-9F85-891A7D99E4D8}.Release|Any CPU.Build.0 = Release|Any CPU
	EndGlobalSection
	GlobalSection(SolutionProperties) = preSolution
		HideSolutionNode = FALSE
	EndGlobalSection
	GlobalSection(NestedProjects) = preSolution
		{6B0CD4D1-5273-4D04-8304-4200C12D1068} = {2A3EA043-BDB2-4903-AF52-B027444A75FD}
		{B720C3D8-4013-427F-80C6-23E23CA4C9DF} = {1CEA7F57-929E-4DA8-B872-44C0697B5564}
		{5F96F6DE-D039-490B-ABB7-8E99C7D475CF} = {2A3EA043-BDB2-4903-AF52-B027444A75FD}
		{942D3B58-3F57-4669-BBC1-61E7DB531EBC} = {1CEA7F57-929E-4DA8-B872-44C0697B5564}
		{BAE8BA14-6BE2-4B0C-B55A-052B0BCD1093} = {1CEA7F57-929E-4DA8-B872-44C0697B5564}
		{37FCB7E0-81B4-4BBB-AA8D-A5698EE48F13} = {9C351003-F98E-4B56-B02D-059DDA2A68FD}
		{27268601-220D-4879-AB6E-9E8E3AC4CDFB} = {9C351003-F98E-4B56-B02D-059DDA2A68FD}
		{AF4182BA-D2B5-4AE0-A358-42D407BEFB48} = {9C351003-F98E-4B56-B02D-059DDA2A68FD}
		{BF93C143-6E08-441A-9F85-891A7D99E4D8} = {2A3EA043-BDB2-4903-AF52-B027444A75FD}
	EndGlobalSection
	GlobalSection(ExtensibilityGlobals) = postSolution
		SolutionGuid = {3F7678A3-7720-421B-9432-7B56C2514208}
	EndGlobalSection
EndGlobal
